
Microsoft Visual Studio Solution File, Format Version 12.00
# Visual Studio 15
Project("{FAE04EC0-301F-11D3-BF4B-00C04F79EFBC}") = "Assembly-CSharp", "Assembly-CSharp.csproj", "{FD5774B6-C245-AB7C-D69F-E40AB4A412C9}"
EndProject
Global
	GlobalSection(SolutionConfigurationPlatforms) = preSolution
		Debug|Any CPU = Debug|Any CPU
		Release|Any CPU = Release|Any CPU
	EndGlobalSection
	GlobalSection(ProjectConfigurationPlatforms) = postSolution
		{FD5774B6-C245-AB7C-D69F-E40AB4A412C9}.Debug|Any CPU.ActiveCfg = Debug|Any CPU
		{FD5774B6-C245-AB7C-D69F-E40AB4A412C9}.Debug|Any CPU.Build.0 = Debug|Any CPU
		{FD5774B6-C245-AB7C-D69F-E40AB4A412C9}.Release|Any CPU.ActiveCfg = Release|Any CPU
		{FD5774B6-C245-AB7C-D69F-E40AB4A412C9}.Release|Any CPU.Build.0 = Release|Any CPU
	EndGlobalSection
	GlobalSection(SolutionProperties) = preSolution
		HideSolutionNode = FALSE
	EndGlobalSection
EndGlobal
